// !$*UTF8*$!
{
	archiveVersion = 1;
	classes = {
	};
	objectVersion = 77;
	objects = {

/* Begin PBXContainerItemProxy section */
		7B4D620000103A9DE3CB0072 /* PBXContainerItemProxy */ = {
			isa = PBXContainerItemProxy;
			containerPortal = 7B4D620000013A9DE3CB0072 /* Project object */;
			proxyType = 1;
			remoteGlobalIDString = 7B4D6200000E3A9DE3CB0072;
			remoteInfo = Gyozaclikr;
		};
/* End PBXContainerItemProxy section */

/* Begin PBXFileReference section */
		7B4D620000043A9DE3CB0072 /* Gyozaclikr.app */ = {isa = PBXFileReference; explicitFileType = wrapper.application; includeInIndex = 0; path = Gyozaclikr.app; sourceTree = BUILT_PRODUCTS_DIR; };
		7B4D620000053A9DE3CB0072 /* GyozaclikrTests.xctest */ = {isa = PBXFileReference; explicitFileType = wrapper.cfbundle; includeInIndex = 0; path = GyozaclikrTests.xctest; sourceTree = BUILT_PRODUCTS_DIR; };
/* End PBXFileReference section */

/* Begin PBXFileSystemSynchronizedRootGroup section */
		7B4D620000063A9DE3CB0072 /* Gyozaclikr */ = {
			isa = PBXFileSystemSynchronizedRootGroup;
			path = Gyozaclikr;
			sourceTree = "<group>";
		};
		7B4D620000073A9DE3CB0072 /* GyozaclikrTests */ = {
			isa = PBXFileSystemSynchronizedRootGroup;
			path = GyozaclikrTests;
			sourceTree = "<group>";
		};
/* End PBXFileSystemSynchronizedRootGroup section */

/* Begin PBXFrameworksBuildPhase section */
		7B4D620000093A9DE3CB0072 /* Frameworks */ = {
			isa = PBXFrameworksBuildPhase;
			buildActionMask = 2147483647;
			files = (
			);
			runOnlyForDeploymentPostprocessing = 0;
		};
		7B4D6200000C3A9DE3CB0072 /* Frameworks */ = {
			isa = PBXFrameworksBuildPhase;
			buildActionMask = 2147483647;
			files = (
			);
			runOnlyForDeploymentPostprocessing = 0;
		};
/* End PBXFrameworksBuildPhase section */

/* Begin PBXGroup section */
		7B4D620000023A9DE3CB0072 = {
			isa = PBXGroup;
			children = (
				7B4D620000063A9DE3CB0072 /* Gyozaclikr */,
				7B4D620000073A9DE3CB0072 /* GyozaclikrTests */,
				7B4D620000033A9DE3CB0072 /* Products */,
			);
			sourceTree = "<group>";
		};
		7B4D620000033A9DE3CB0072 /* Products */ = {
			isa = PBXGroup;
			children = (
				7B4D620000043A9DE3CB0072 /* Gyozaclikr.app */,
				7B4D620000053A9DE3CB0072 /* GyozaclikrTests.xctest */,
			);
			name = Products;
			sourceTree = "<group>";
		};
/* End PBXGroup section */

/* Begin PBXNativeTarget section */
		7B4D6200000E3A9DE3CB0072 /* Gyozaclikr */ = {
			isa = PBXNativeTarget;
			buildConfigurationList = 7B4D620000153A9DE3CB0072 /* Build configuration list for PBXNativeTarget "Gyozaclikr" */;
			buildPhases = (
				7B4D620000083A9DE3CB0072 /* Sources */,
				7B4D620000093A9DE3CB0072 /* Frameworks */,
				7B4D6200000A3A9DE3CB0072 /* Resources */,
			);
			buildRules = (
			);
			dependencies = (
			);
			fileSystemSynchronizedGroups = (
				7B4D620000063A9DE3CB0072 /* Gyozaclikr */,
			);
			name = Gyozaclikr;
			packageProductDependencies = (
			);
			productName = Gyozaclikr;
			productReference = 7B4D620000043A9DE3CB0072 /* Gyozaclikr.app */;
			productType = "com.apple.product-type.application";
		};
		7B4D6200000F3A9DE3CB0072 /* GyozaclikrTests */ = {
			isa = PBXNativeTarget;
			buildConfigurationList = 7B4D620000183A9DE3CB0072 /* Build configuration list for PBXNativeTarget "GyozaclikrTests" */;
			buildPhases = (
				7B4D6200000B3A9DE3CB0072 /* Sources */,
				7B4D6200000C3A9DE3CB0072 /* Frameworks */,
				7B4D6200000D3A9DE3CB0072 /* Resources */,
			);
			buildRules = (
			);
			dependencies = (
				7B4D620000113A9DE3CB0072 /* PBXTargetDependency */,
			);
			fileSystemSynchronizedGroups = (
				7B4D620000073A9DE3CB0072 /* GyozaclikrTests */,
			);
			name = GyozaclikrTests;
			packageProductDependencies = (
			);
			productName = GyozaclikrTests;
			productReference = 7B4D620000053A9DE3CB0072 /* GyozaclikrTests.xctest */;
			productType = "com.apple.product-type.bundle.unit-test";
		};
/* End PBXNativeTarget section */

/* Begin PBXProject section */
		7B4D620000013A9DE3CB0072 /* Project object */ = {
			isa = PBXProject;
			attributes = {
				BuildIndependentTargetsInParallel = 1;
				LastSwiftUpdateCheck = 2620;
				LastUpgradeCheck = 2620;
				TargetAttributes = {
					7B4D6200000E3A9DE3CB0072 = {
						CreatedOnToolsVersion = 26.2;
					};
					7B4D6200000F3A9DE3CB0072 = {
						CreatedOnToolsVersion = 26.2;
						TestTargetID = 7B4D6200000E3A9DE3CB0072;
					};
				};
			};
			buildConfigurationList = 7B4D620000123A9DE3CB0072 /* Build configuration list for PBXProject "Gyozaclikr" */;
			developmentRegion = en;
			hasScannedForEncodings = 0;
			knownRegions = (
				en,
				Base,
			);
			mainGroup = 7B4D620000023A9DE3CB0072;
			minimizedProjectReferenceProxies = 1;
			preferredProjectObjectVersion = 77;
			productRefGroup = 7B4D620000033A9DE3CB0072 /* Products */;
			projectDirPath = "";
			projectRoot = "";
			targets = (
				7B4D6200000E3A9DE3CB0072 /* Gyozaclikr */,
				7B4D6200000F3A9DE3CB0072 /* GyozaclikrTests */,
			);
		};
/* End PBXProject section */

/* Begin PBXResourcesBuildPhase section */
		7B4D6200000A3A9DE3CB0072 /* Resources */ = {
			isa = PBXResourcesBuildPhase;
			buildActionMask = 2147483647;
			files = (
			);
			runOnlyForDeploymentPostprocessing = 0;
		};
		7B4D6200000D3A9DE3CB0072 /* Resources */ = {
			isa = PBXResourcesBuildPhase;
			buildActionMask = 2147483647;
			files = (
			);
			runOnlyForDeploymentPostprocessing = 0;
		};
/* End PBXResourcesBuildPhase section */

/* Begin PBXSourcesBuildPhase section */
		7B4D620000083A9DE3CB0072 /* Sources */ = {
			isa = PBXSourcesBuildPhase;
			buildActionMask = 2147483647;
			files = (
			);
			runOnlyForDeploymentPostprocessing = 0;
		};
		7B4D6200000B3A9DE3CB0072 /* Sources */ = {
			isa = PBXSourcesBuildPhase;
			buildActionMask = 2147483647;
			files = (
			);
			runOnlyForDeploymentPostprocessing = 0;
		};
/* End PBXSourcesBuildPhase section */

/* Begin PBXTargetDependency section */
		7B4D620000113A9DE3CB0072 /* PBXTargetDependency */ = {
			isa = PBXTargetDependency;
			target = 7B4D6200000E3A9DE3CB0072 /* Gyozaclikr */;
			targetProxy = 7B4D620000103A9DE3CB0072 /* PBXContainerItemProxy */;
		};
/* End PBXTargetDependency section */

/* Begin XCBuildConfiguration section */
		7B4D620000133A9DE3CB0072 /* Debug */ = {
			isa = XCBuildConfiguration;
			buildSettings = {
				ALWAYS_SEARCH_USER_PATHS = NO;
				ASSETCATALOG_COMPILER_GENERATE_SWIFT_ASSET_SYMBOL_EXTENSIONS = YES;
				CLANG_ANALYZER_NONNULL = YES;
				CLANG_ANALYZER_NUMBER_OBJECT_CONVERSION = YES_AGGRESSIVE;
				CLANG_CXX_LANGUAGE_STANDARD = "gnu++20";
				CLANG_ENABLE_MODULES = YES;
				CLANG_ENABLE_OBJC_ARC = YES;
				CLANG_ENABLE_OBJC_WEAK = YES;
				CLANG_WARN_BLOCK_CAPTURE_AUTORELEASING = YES;
				CLANG_WARN_BOOL_CONVERSION = YES;
				CLANG_WARN_COMMA = YES;
				CLANG_WARN_CONSTANT_CONVERSION = YES;
				CLANG_WARN_DEPRECATED_OBJC_IMPLEMENTATIONS = YES;
				CLANG_WARN_DIRECT_OBJC_ISA_USAGE = YES_ERROR;
				CLANG_WARN_DOCUMENTATION_COMMENTS = YES;
				CLANG_WARN_EMPTY_BODY = YES;
				CLANG_WARN_ENUM_CONVERSION = YES;
				CLANG_WARN_INFINITE_RECURSION = YES;
				CLANG_WARN_INT_CONVERSION = YES;
				CLANG_WARN_NON_LITERAL_NULL_CONVERSION = YES;
				CLANG_WARN_OBJC_IMPLICIT_RETAIN_SELF = YES;
				CLANG_WARN_OBJC_LITERAL_CONVERSION = YES;
				CLANG_WARN_OBJC_ROOT_CLASS = YES_ERROR;
				CLANG_WARN_QUOTED_INCLUDE_IN_FRAMEWORK_HEADER = YES;
				CLANG_WARN_RANGE_LOOP_ANALYSIS = YES;
				CLANG_WARN_STRICT_PROTOTYPES = YES;
				CLANG_WARN_SUSPICIOUS_MOVE = YES;
				CLANG_WARN_UNGUARDED_AVAILABILITY = YES_AGGRESSIVE;
				CLANG_WARN_UNREACHABLE_CODE = YES;
				CLANG_WARN__DUPLICATE_METHOD_MATCH = YES;
				COPY_PHASE_STRIP = NO;
				DEBUG_INFORMATION_FORMAT = dwarf;
				ENABLE_TESTABILITY = YES;
				GCC_DYNAMIC_NO_PIC = NO;
				GCC_OPTIMIZATION_LEVEL = 0;
				GCC_PREPROCESSOR_DEFINITIONS = (
					"DEBUG=1",
					"$(inherited)",
				);
				MTL_ENABLE_DEBUG_INFO = INCLUDE_SOURCE;
				ONLY_ACTIVE_ARCH = YES;
				SWIFT_ACTIVE_COMPILATION_CONDITIONS = "DEBUG $(inherited)";
				SWIFT_OPTIMIZATION_LEVEL = "-Onone";
				ENABLE_STRICT_OBJC_MSGSEND = YES;
				ENABLE_USER_SCRIPT_SANDBOXING = YES;
				GCC_C_LANGUAGE_STANDARD = gnu17;
				GCC_NO_COMMON_BLOCKS = YES;
				GCC_WARN_64_TO_32_BIT_CONVERSION = YES;
				GCC_WARN_ABOUT_RETURN_TYPE = YES_ERROR;
				GCC_WARN_UNDECLARED_SELECTOR = YES;
				GCC_WARN_UNINITIALIZED_AUTOS = YES_AGGRESSIVE;
				GCC_WARN_UNUSED_FUNCTION = YES;
				GCC_WARN_UNUSED_VARIABLE = YES;
				LOCALIZATION_PREFERS_STRING_CATALOGS = YES;
				MACOSX_DEPLOYMENT_TARGET = 26.0;
				MTL_FAST_MATH = YES;
				SDKROOT = macosx;
			};
			name = Debug;
		};
		7B4D620000143A9DE3CB0072 /* Release */ = {
			isa = XCBuildConfiguration;
			buildSettings = {
				ALWAYS_SEARCH_USER_PATHS = NO;
				ASSETCATALOG_COMPILER_GENERATE_SWIFT_ASSET_SYMBOL_EXTENSIONS = YES;
				CLANG_ANALYZER_NONNULL = YES;
				CLANG_ANALYZER_NUMBER_OBJECT_CONVERSION = YES_AGGRESSIVE;
				CLANG_CXX_LANGUAGE_STANDARD = "gnu++20";
				CLANG_ENABLE_MODULES = YES;
				CLANG_ENABLE_OBJC_ARC = YES;
				CLANG_ENABLE_OBJC_WEAK = YES;
				CLANG_WARN_BLOCK_CAPTURE_AUTORELEASING = YES;
				CLANG_WARN_BOOL_CONVERSION = YES;
				CLANG_WARN_COMMA = YES;
				CLANG_WARN_CONSTANT_CONVERSION = YES;
				CLANG_WARN_DEPRECATED_OBJC_IMPLEMENTATIONS = YES;
				CLANG_WARN_DIRECT_OBJC_ISA_USAGE = YES_ERROR;
				CLANG_WARN_DOCUMENTATION_COMMENTS = YES;
				CLANG_WARN_EMPTY_BODY = YES;
				CLANG_WARN_ENUM_CONVERSION = YES;
				CLANG_WARN_INFINITE_RECURSION = YES;
				CLANG_WARN_INT_CONVERSION = YES;
				CLANG_WARN_NON_LITERAL_NULL_CONVERSION = YES;
				CLANG_WARN_OBJC_IMPLICIT_RETAIN_SELF = YES;
				CLANG_WARN_OBJC_LITERAL_CONVERSION = YES;
				CLANG_WARN_OBJC_ROOT_CLASS = YES_ERROR;
				CLANG_WARN_QUOTED_INCLUDE_IN_FRAMEWORK_HEADER = YES;
				CLANG_WARN_RANGE_LOOP_ANALYSIS = YES;
				CLANG_WARN_STRICT_PROTOTYPES = YES;
				CLANG_WARN_SUSPICIOUS_MOVE = YES;
				CLANG_WARN_UNGUARDED_AVAILABILITY = YES_AGGRESSIVE;
				CLANG_WARN_UNREACHABLE_CODE = YES;
				CLANG_WARN__DUPLICATE_METHOD_MATCH = YES;
				COPY_PHASE_STRIP = NO;
				DEBUG_INFORMATION_FORMAT = "dwarf-with-dsym";
				ENABLE_NS_ASSERTIONS = NO;
				MTL_ENABLE_DEBUG_INFO = NO;
				SWIFT_COMPILATION_MODE = wholemodule;
				ENABLE_STRICT_OBJC_MSGSEND = YES;
				ENABLE_USER_SCRIPT_SANDBOXING = YES;
				GCC_C_LANGUAGE_STANDARD = gnu17;
				GCC_NO_COMMON_BLOCKS = YES;
				GCC_WARN_64_TO_32_BIT_CONVERSION = YES;
				GCC_WARN_ABOUT_RETURN_TYPE = YES_ERROR;
				GCC_WARN_UNDECLARED_SELECTOR = YES;
				GCC_WARN_UNINITIALIZED_AUTOS = YES_AGGRESSIVE;
				GCC_WARN_UNUSED_FUNCTION = YES;
				GCC_WARN_UNUSED_VARIABLE = YES;
				LOCALIZATION_PREFERS_STRING_CATALOGS = YES;
				MACOSX_DEPLOYMENT_TARGET = 26.0;
				MTL_FAST_MATH = YES;
				SDKROOT = macosx;
			};
			name = Release;
		};
		7B4D620000163A9DE3CB0072 /* Debug */ = {
			isa = XCBuildConfiguration;
			buildSettings = {
				ASSETCATALOG_COMPILER_APPICON_NAME = AppIcon;
				ASSETCATALOG_COMPILER_GLOBAL_ACCENT_COLOR_NAME = AccentColor;
				CODE_SIGN_ENTITLEMENTS = Config/Gyozaclikr.entitlements;
				CODE_SIGN_STYLE = Automatic;
				COMBINE_HIDPI_IMAGES = YES;
				CURRENT_PROJECT_VERSION = 8;
				ENABLE_HARDENED_RUNTIME = YES;
				ENABLE_PREVIEWS = YES;
				GENERATE_INFOPLIST_FILE = YES;
				INFOPLIST_FILE = Config/Info.plist;
				INFOPLIST_KEY_CFBundleDisplayName = Gyozaclikr;
				INFOPLIST_KEY_LSApplicationCategoryType = "public.app-category.utilities";
				INFOPLIST_KEY_NSHumanReadableCopyright = "";
				LD_RUNPATH_SEARCH_PATHS = (
					"$(inherited)",
					"@executable_path/../Frameworks",
				);
				MARKETING_VERSION = 1.0.7;
				OTHER_LDFLAGS = (
					"$(inherited)",
					"-weak_framework",
					FoundationModels,
				);
				PRODUCT_BUNDLE_IDENTIFIER = com.gyoza.Gyozaclikr;
				PRODUCT_NAME = "$(TARGET_NAME)";
				SWIFT_APPROACHABLE_CONCURRENCY = YES;
				"SWIFT_ACTIVE_COMPILATION_CONDITIONS[sdk=macosx27*]" = "$(inherited) SDK_MACOS27";
				SWIFT_DEFAULT_ACTOR_ISOLATION = MainActor;
				SWIFT_EMIT_LOC_STRINGS = YES;
				SWIFT_UPCOMING_FEATURE_MEMBER_IMPORT_VISIBILITY = YES;
				SWIFT_VERSION = 5.0;
			};
			name = Debug;
		};
		7B4D620000173A9DE3CB0072 /* Release */ = {
			isa = XCBuildConfiguration;
			buildSettings = {
				ASSETCATALOG_COMPILER_APPICON_NAME = AppIcon;
				ASSETCATALOG_COMPILER_GLOBAL_ACCENT_COLOR_NAME = AccentColor;
				CODE_SIGN_ENTITLEMENTS = Config/Gyozaclikr.entitlements;
				CODE_SIGN_STYLE = Automatic;
				COMBINE_HIDPI_IMAGES = YES;
				CURRENT_PROJECT_VERSION = 8;
				ENABLE_HARDENED_RUNTIME = YES;
				ENABLE_PREVIEWS = YES;
				GENERATE_INFOPLIST_FILE = YES;
				INFOPLIST_FILE = Config/Info.plist;
				INFOPLIST_KEY_CFBundleDisplayName = Gyozaclikr;
				INFOPLIST_KEY_LSApplicationCategoryType = "public.app-category.utilities";
				INFOPLIST_KEY_NSHumanReadableCopyright = "";
				LD_RUNPATH_SEARCH_PATHS = (
					"$(inherited)",
					"@executable_path/../Frameworks",
				);
				MARKETING_VERSION = 1.0.7;
				OTHER_LDFLAGS = (
					"$(inherited)",
					"-weak_framework",
					FoundationModels,
				);
				PRODUCT_BUNDLE_IDENTIFIER = com.gyoza.Gyozaclikr;
				PRODUCT_NAME = "$(TARGET_NAME)";
				SWIFT_APPROACHABLE_CONCURRENCY = YES;
				"SWIFT_ACTIVE_COMPILATION_CONDITIONS[sdk=macosx27*]" = "$(inherited) SDK_MACOS27";
				SWIFT_DEFAULT_ACTOR_ISOLATION = MainActor;
				SWIFT_EMIT_LOC_STRINGS = YES;
				SWIFT_UPCOMING_FEATURE_MEMBER_IMPORT_VISIBILITY = YES;
				SWIFT_VERSION = 5.0;
			};
			name = Release;
		};
		7B4D620000193A9DE3CB0072 /* Debug */ = {
			isa = XCBuildConfiguration;
			buildSettings = {
				BUNDLE_LOADER = "$(TEST_HOST)";
				CODE_SIGN_STYLE = Automatic;
				CURRENT_PROJECT_VERSION = 8;
				GENERATE_INFOPLIST_FILE = YES;
				MACOSX_DEPLOYMENT_TARGET = 26.0;
				MARKETING_VERSION = 1.0.7;
				PRODUCT_BUNDLE_IDENTIFIER = com.gyoza.GyozaclikrTests;
				PRODUCT_NAME = "$(TARGET_NAME)";
				SWIFT_APPROACHABLE_CONCURRENCY = YES;
				"SWIFT_ACTIVE_COMPILATION_CONDITIONS[sdk=macosx27*]" = "$(inherited) SDK_MACOS27";
				SWIFT_EMIT_LOC_STRINGS = NO;
				SWIFT_UPCOMING_FEATURE_MEMBER_IMPORT_VISIBILITY = YES;
				SWIFT_VERSION = 5.0;
				TEST_HOST = "$(BUILT_PRODUCTS_DIR)/Gyozaclikr.app/$(BUNDLE_EXECUTABLE_FOLDER_PATH)/Gyozaclikr";
			};
			name = Debug;
		};
		7B4D6200001A3A9DE3CB0072 /* Release */ = {
			isa = XCBuildConfiguration;
			buildSettings = {
				BUNDLE_LOADER = "$(TEST_HOST)";
				CODE_SIGN_STYLE = Automatic;
				CURRENT_PROJECT_VERSION = 8;
				GENERATE_INFOPLIST_FILE = YES;
				MACOSX_DEPLOYMENT_TARGET = 26.0;
				MARKETING_VERSION = 1.0.7;
				PRODUCT_BUNDLE_IDENTIFIER = com.gyoza.GyozaclikrTests;
				PRODUCT_NAME = "$(TARGET_NAME)";
				SWIFT_APPROACHABLE_CONCURRENCY = YES;
				"SWIFT_ACTIVE_COMPILATION_CONDITIONS[sdk=macosx27*]" = "$(inherited) SDK_MACOS27";
				SWIFT_EMIT_LOC_STRINGS = NO;
				SWIFT_UPCOMING_FEATURE_MEMBER_IMPORT_VISIBILITY = YES;
				SWIFT_VERSION = 5.0;
				TEST_HOST = "$(BUILT_PRODUCTS_DIR)/Gyozaclikr.app/$(BUNDLE_EXECUTABLE_FOLDER_PATH)/Gyozaclikr";
			};
			name = Release;
		};
/* End XCBuildConfiguration section */

/* Begin XCConfigurationList section */
		7B4D620000123A9DE3CB0072 /* Build configuration list for PBXProject "Gyozaclikr" */ = {
			isa = XCConfigurationList;
			buildConfigurations = (
				7B4D620000133A9DE3CB0072 /* Debug */,
				7B4D620000143A9DE3CB0072 /* Release */,
			);
			defaultConfigurationIsVisible = 0;
			defaultConfigurationName = Release;
		};
		7B4D620000153A9DE3CB0072 /* Build configuration list for PBXNativeTarget "Gyozaclikr" */ = {
			isa = XCConfigurationList;
			buildConfigurations = (
				7B4D620000163A9DE3CB0072 /* Debug */,
				7B4D620000173A9DE3CB0072 /* Release */,
			);
			defaultConfigurationIsVisible = 0;
			defaultConfigurationName = Release;
		};
		7B4D620000183A9DE3CB0072 /* Build configuration list for PBXNativeTarget "GyozaclikrTests" */ = {
			isa = XCConfigurationList;
			buildConfigurations = (
				7B4D620000193A9DE3CB0072 /* Debug */,
				7B4D6200001A3A9DE3CB0072 /* Release */,
			);
			defaultConfigurationIsVisible = 0;
			defaultConfigurationName = Release;
		};
/* End XCConfigurationList section */
	};
	rootObject = 7B4D620000013A9DE3CB0072 /* Project object */;
}
